
Microsoft Visual Studio Solution File, Format Version 12.00
# Visual Studio 2017
Project("{FAE04EC0-301F-11D3-BF4B-00C04F79EFBC}") = "core-cf-webui", "core-cf-webui.csproj", "{F07780EF-2CC0-45DF-B2AD-604A6713EBA8}"
EndProject
Global
	GlobalSection(SolutionConfigurationPlatforms) = preSolution
		Debug|Any CPU = Debug|Any CPU
		Release|Any CPU = Release|Any CPU
	EndGlobalSection
	GlobalSection(ProjectConfigurationPlatforms) = postSolution
		{F07780EF-2CC0-45DF-B2AD-604A6713EBA8}.Debug|Any CPU.ActiveCfg = Debug|Any CPU
		{F07780EF-2CC0-45DF-B2AD-604A6713EBA8}.Debug|Any CPU.Build.0 = Debug|Any CPU
		{F07780EF-2CC0-45DF-B2AD-604A6713EBA8}.Release|Any CPU.ActiveCfg = Release|Any CPU
		{F07780EF-2CC0-45DF-B2AD-604A6713EBA8}.Release|Any CPU.Build.0 = Release|Any CPU
	EndGlobalSection
EndGlobal
